{
	"archiveVersion": "1",
	"classes": {},
	"objectVersion": "54",
	"objects": {
		"191CD6FA2847E21E0085CBB6": {
			"fileEncoding": "4",
			"isa": "PBXFileReference",
			"lastKnownFileType": "text.plist.entitlements",
			"path": "of.entitlements",
			"sourceTree": "<group>"
		},
		"191EF70929D778A400F35F26": {
			"isa": "PBXFileReference",
			"lastKnownFileType": "folder",
			"name": "openFrameworks",
			"path": "../../../libs/openFrameworks",
			"sourceTree": "SOURCE_ROOT"
		},
		"19B789C429E5AB4A0082E9B8": {
			"buildActionMask": "2147483647",
			"files": [],
			"inputFileListPaths": [],
			"inputPaths": [],
			"isa": "PBXShellScriptBuildPhase",
			"outputFileListPaths": [],
			"outputPaths": [],
			"runOnlyForDeploymentPostprocessing": "0",
			"shellPath": "/bin/sh",
			"shellScript": "\"$OF_PATH/scripts/osx/xcode_project.sh\"\n",
			"showEnvVarsInLog": "0"
		},
		"BB4B014C10F69532006C3DED": {
			"children": [
				"{DB41761A-B64E-4817-9796-74E3750AE4F3}"
			],
			"isa": "PBXGroup",
			"name": "addons",
			"path": "../../../addons",
			"sourceTree": "<group>"
		},
		"E42962A92163ECCD00A6A9E2": {
			"alwaysOutOfDate": "1",
			"buildActionMask": "2147483647",
			"files": [],
			"inputPaths": [],
			"isa": "PBXShellScriptBuildPhase",
			"name": "Run Script — Compile OF",
			"outputPaths": [],
			"runOnlyForDeploymentPostprocessing": "0",
			"shellPath": "/bin/sh",
			"shellScript": "echo \"💾 Compiling Openframeworks\"\nxcodebuild -project \"$OF_PATH/libs/openFrameworksCompiled/project/osx/openFrameworksLib.xcodeproj\" -target openFrameworks -configuration \"${CONFIGURATION}\"  CLANG_CXX_LANGUAGE_STANDARD=$CLANG_CXX_LANGUAGE_STANDARD MACOSX_DEPLOYMENT_TARGET=$MACOSX_DEPLOYMENT_TARGET GCC_PREPROCESSOR_DEFINITIONS=$USER_PREPROCESSOR_DEFINITIONS\n",
			"showEnvVarsInLog": "0"
		},
		"E4A5B60F29BAAAE400C2D356": {
			"buildActionMask": "2147483647",
			"dstPath": "",
			"dstSubfolderSpec": "6",
			"files": [
				"{61B3D59A-1831-442B-A2CC-DA9123C79E87}"
			],
			"isa": "PBXCopyFilesBuildPhase",
			"runOnlyForDeploymentPostprocessing": "0"
		},
		"E4B69B4A0A3A1720003C02F2": {
			"children": [
				"191CD6FA2847E21E0085CBB6",
				"E4B6FCAD0C3E899E008CF71C",
				"E4EB6923138AFD0F00A09F29",
				"E4B69E1C0A3A1BDC003C02F2",
				"191EF70929D778A400F35F26",
				"BB4B014C10F69532006C3DED",
				"E4B69B5B0A3A1756003C02F2"
			],
			"isa": "PBXGroup",
			"sourceTree": "<group>"
		},
		"E4B69B4C0A3A1720003C02F2": {
			"attributes": {
				"LastUpgradeCheck": "0600"
			},
			"buildConfigurationList": "E4B69B4D0A3A1720003C02F2",
			"compatibilityVersion": "Xcode 3.2",
			"developmentRegion": "en",
			"hasScannedForEncodings": "0",
			"isa": "PBXProject",
			"knownRegions": [
				"en",
				"Base"
			],
			"mainGroup": "E4B69B4A0A3A1720003C02F2",
			"productRefGroup": "E4B69B4A0A3A1720003C02F2",
			"projectDirPath": "",
			"projectRoot": "",
			"targets": [
				"E4B69B5A0A3A1756003C02F2"
			]
		},
		"E4B69B4D0A3A1720003C02F2": {
			"buildConfigurations": [
				"E4B69B4E0A3A1720003C02F2",
				"E4B69B4F0A3A1720003C02F2"
			],
			"defaultConfigurationIsVisible": "0",
			"defaultConfigurationName": "Release",
			"isa": "XCConfigurationList"
		},
		"E4B69B4E0A3A1720003C02F2": {
			"baseConfigurationReference": "E4EB6923138AFD0F00A09F29",
			"buildSettings": {
				"CODE_SIGN_ENTITLEMENTS": "of.entitlements",
				"COPY_PHASE_STRIP": "NO",
				"ENABLE_TESTABILITY": "YES",
				"GCC_OPTIMIZATION_LEVEL": "0",
				"GCC_WARN_UNUSED_VARIABLE": "NO",
				"HEADER_SEARCH_PATHS": [
					"$(OF_CORE_HEADERS)",
					"src",
					"src",
					"../../../addons/ofxNDI/libs/NDI/include",
					"../../../addons/ofxNDI/src"
				],
				"OTHER_CPLUSPLUSFLAGS": "-D__MACOSX_CORE__"
			},
			"isa": "XCBuildConfiguration",
			"name": "Debug"
		},
		"E4B69B4F0A3A1720003C02F2": {
			"baseConfigurationReference": "E4EB6923138AFD0F00A09F29",
			"buildSettings": {
				"CODE_SIGN_ENTITLEMENTS": "of.entitlements",
				"COPY_PHASE_STRIP": "YES",
				"GCC_OPTIMIZATION_LEVEL": "3",
				"GCC_UNROLL_LOOPS": "YES",
				"HEADER_SEARCH_PATHS": [
					"$(OF_CORE_HEADERS)",
					"src",
					"src",
					"../../../addons/ofxNDI/libs/NDI/include",
					"../../../addons/ofxNDI/src"
				],
				"OTHER_CPLUSPLUSFLAGS": "-D__MACOSX_CORE__"
			},
			"isa": "XCBuildConfiguration",
			"name": "Release"
		},
		"E4B69B580A3A1756003C02F2": {
			"buildActionMask": "2147483647",
			"files": [
				"E4B69E200A3A1BDC003C02F2",
				"E4B69E210A3A1BDC003C02F2",
				"{43A215F1-C6A7-4180-A7A9-10E7939D4C4A}",
				"{25756F59-882B-48EB-B7CD-A6173F89BDEC}",
				"{DAC9DE76-70BB-461E-8E7A-28C07E88B637}",
				"{18663B53-BEAD-4758-A6D9-15A0C0BDD8BB}",
				"{CD1D78B4-7FEF-4A0D-87CC-88866D469A55}",
				"{673A498E-693A-4C49-AB78-1CEFD85C513A}"
			],
			"isa": "PBXSourcesBuildPhase",
			"runOnlyForDeploymentPostprocessing": "0"
		},
		"E4B69B590A3A1756003C02F2": {
			"buildActionMask": "2147483647",
			"files": [],
			"isa": "PBXFrameworksBuildPhase",
			"runOnlyForDeploymentPostprocessing": "0"
		},
		"E4B69B5A0A3A1756003C02F2": {
			"buildConfigurationList": "E4B69B5F0A3A1757003C02F2",
			"buildPhases": [
				"E42962A92163ECCD00A6A9E2",
				"E4B69B580A3A1756003C02F2",
				"E4B69B590A3A1756003C02F2",
				"E4C2427710CC5ABF004149E2",
				"E4A5B60F29BAAAE400C2D356",
				"19B789C429E5AB4A0082E9B8"
			],
			"buildRules": [],
			"dependencies": [],
			"isa": "PBXNativeTarget",
			"name": "example-sender",
			"productName": "myOFApp",
			"productReference": "E4B69B5B0A3A1756003C02F2",
			"productType": "com.apple.product-type.application"
		},
		"E4B69B5B0A3A1756003C02F2": {
			"explicitFileType": "wrapper.application",
			"includeInIndex": "0",
			"isa": "PBXFileReference",
			"path": "example-senderDebug.app",
			"sourceTree": "BUILT_PRODUCTS_DIR"
		},
		"E4B69B5F0A3A1757003C02F2": {
			"buildConfigurations": [
				"E4B69B600A3A1757003C02F2",
				"E4B69B610A3A1757003C02F2"
			],
			"defaultConfigurationIsVisible": "0",
			"defaultConfigurationName": "Release",
			"isa": "XCConfigurationList"
		},
		"E4B69B600A3A1757003C02F2": {
			"baseConfigurationReference": "E4EB6923138AFD0F00A09F29",
			"buildSettings": {
				"ARCHS": "$(ARCHS_STANDARD)",
				"COPY_PHASE_STRIP": "NO",
				"FRAMEWORK_SEARCH_PATHS": "$(inherited)",
				"GCC_DYNAMIC_NO_PIC": "NO",
				"HEADER_SEARCH_PATHS": [
					"$(OF_CORE_HEADERS)",
					"src",
					"src",
					"../../../addons/ofxNDI/libs/NDI/include",
					"../../../addons/ofxNDI/src"
				],
				"LIBRARY_SEARCH_PATHS": "$(inherited)",
				"OTHER_LDFLAGS": [
					"$(OF_CORE_LIBS)",
					"$(OF_CORE_FRAMEWORKS)",
					"$(LIB_OF_DEBUG)",
					"../../../addons/ofxNDI/libs/NDI/libs/macOS/libndi.dylib",
					"-Xlinker",
					"-rpath",
					"-Xlinker",
					"@executable_path"
				]
			},
			"isa": "XCBuildConfiguration",
			"name": "Debug"
		},
		"E4B69B610A3A1757003C02F2": {
			"baseConfigurationReference": "E4EB6923138AFD0F00A09F29",
			"buildSettings": {
				"ARCHS": "$(ARCHS_STANDARD)",
				"COPY_PHASE_STRIP": "YES",
				"FRAMEWORK_SEARCH_PATHS": "$(inherited)",
				"HEADER_SEARCH_PATHS": [
					"$(OF_CORE_HEADERS)",
					"src",
					"src",
					"../../../addons/ofxNDI/libs/NDI/include",
					"../../../addons/ofxNDI/src"
				],
				"LIBRARY_SEARCH_PATHS": "$(inherited)",
				"OTHER_LDFLAGS": [
					"$(OF_CORE_LIBS)",
					"$(OF_CORE_FRAMEWORKS)",
					"$(LIB_OF)",
					"../../../addons/ofxNDI/libs/NDI/libs/macOS/libndi.dylib",
					"-Xlinker",
					"-rpath",
					"-Xlinker",
					"@executable_path"
				],
				"baseConfigurationReference": "E4EB6923138AFD0F00A09F29"
			},
			"isa": "XCBuildConfiguration",
			"name": "Release"
		},
		"E4B69E1C0A3A1BDC003C02F2": {
			"children": [
				"E4B69E1D0A3A1BDC003C02F2",
				"E4B69E1E0A3A1BDC003C02F2",
				"E4B69E1F0A3A1BDC003C02F2"
			],
			"isa": "PBXGroup",
			"path": "src",
			"sourceTree": "SOURCE_ROOT"
		},
		"E4B69E1D0A3A1BDC003C02F2": {
			"fileEncoding": "4",
			"isa": "PBXFileReference",
			"lastKnownFileType": "sourcecode.cpp.cpp",
			"name": "main.cpp",
			"path": "src/main.cpp",
			"sourceTree": "SOURCE_ROOT"
		},
		"E4B69E1E0A3A1BDC003C02F2": {
			"explicitFileType": "sourcecode.cpp.cpp",
			"fileEncoding": "4",
			"isa": "PBXFileReference",
			"name": "ofApp.cpp",
			"path": "src/ofApp.cpp",
			"sourceTree": "SOURCE_ROOT"
		},
		"E4B69E1F0A3A1BDC003C02F2": {
			"fileEncoding": "4",
			"isa": "PBXFileReference",
			"lastKnownFileType": "sourcecode.c.h",
			"name": "ofApp.h",
			"path": "src/ofApp.h",
			"sourceTree": "SOURCE_ROOT"
		},
		"E4B69E200A3A1BDC003C02F2": {
			"fileRef": "E4B69E1D0A3A1BDC003C02F2",
			"isa": "PBXBuildFile"
		},
		"E4B69E210A3A1BDC003C02F2": {
			"fileRef": "E4B69E1E0A3A1BDC003C02F2",
			"isa": "PBXBuildFile"
		},
		"E4B6FCAD0C3E899E008CF71C": {
			"fileEncoding": "4",
			"isa": "PBXFileReference",
			"lastKnownFileType": "text.plist.xml",
			"path": "openFrameworks-Info.plist",
			"sourceTree": "<group>"
		},
		"E4C2427710CC5ABF004149E2": {
			"buildActionMask": "2147483647",
			"dstPath": "",
			"dstSubfolderSpec": "10",
			"files": [],
			"isa": "PBXCopyFilesBuildPhase",
			"runOnlyForDeploymentPostprocessing": "0"
		},
		"E4EB6923138AFD0F00A09F29": {
			"fileEncoding": "4",
			"isa": "PBXFileReference",
			"lastKnownFileType": "text.xcconfig",
			"path": "Project.xcconfig",
			"sourceTree": "<group>"
		},
		"{02574566-A5CE-4630-BA6C-A2E5ADE9B216}": {
			"explicitFileType": "sourcecode.c.h",
			"fileEncoding": "4",
			"isa": "PBXFileReference",
			"name": "Processing.NDI.Lib.h",
			"path": "../../../addons/ofxNDI/libs/NDI/include/Processing.NDI.Lib.h",
			"sourceTree": "SOURCE_ROOT"
		},
		"{0741D13B-71D3-407F-89BC-E24A859EBC5C}": {
			"isa": "PBXFileReference",
			"lastKnownFileType": "compiled.mach-o.dylib",
			"name": "libndi.dylib",
			"path": "../../../addons/ofxNDI/libs/NDI/libs/macOS/libndi.dylib",
			"sourceTree": "SOURCE_ROOT"
		},
		"{124CAB9C-9434-4871-AD6A-E7A14BC9DA9B}": {
			"explicitFileType": "sourcecode.c.h",
			"fileEncoding": "4",
			"isa": "PBXFileReference",
			"name": "ofxNDIsender.h",
			"path": "../../../addons/ofxNDI/src/ofxNDIsender.h",
			"sourceTree": "SOURCE_ROOT"
		},
		"{18663B53-BEAD-4758-A6D9-15A0C0BDD8BB}": {
			"fileRef": "{9D9540B3-633E-411E-A2FD-3EC4D197027D}",
			"isa": "PBXBuildFile"
		},
		"{1867FD91-8CBE-4CED-B630-8532FD0D49D7}": {
			"explicitFileType": "sourcecode.c.h",
			"fileEncoding": "4",
			"isa": "PBXFileReference",
			"name": "Processing.NDI.Find.h",
			"path": "../../../addons/ofxNDI/libs/NDI/include/Processing.NDI.Find.h",
			"sourceTree": "SOURCE_ROOT"
		},
		"{19872F28-DE86-4A91-9CDF-D2FB1F03C798}": {
			"explicitFileType": "sourcecode.cpp.cpp",
			"fileEncoding": "4",
			"isa": "PBXFileReference",
			"name": "ofxNDIdynloader.cpp",
			"path": "../../../addons/ofxNDI/src/ofxNDIdynloader.cpp",
			"sourceTree": "SOURCE_ROOT"
		},
		"{21FCC974-24BB-49BE-8097-8959B961F7F6}": {
			"explicitFileType": "sourcecode.c.h",
			"fileEncoding": "4",
			"isa": "PBXFileReference",
			"name": "Processing.NDI.Recv.ex.h",
			"path": "../../../addons/ofxNDI/libs/NDI/include/Processing.NDI.Recv.ex.h",
			"sourceTree": "SOURCE_ROOT"
		},
		"{250D6978-923E-4443-A8B1-E1BFC4780452}": {
			"explicitFileType": "sourcecode.c.h",
			"fileEncoding": "4",
			"isa": "PBXFileReference",
			"name": "Processing.NDI.deprecated.h",
			"path": "../../../addons/ofxNDI/libs/NDI/include/Processing.NDI.deprecated.h",
			"sourceTree": "SOURCE_ROOT"
		},
		"{25756F59-882B-48EB-B7CD-A6173F89BDEC}": {
			"fileRef": "{B3FE823C-FE37-4A66-B2B4-E7CBAB0BA16B}",
			"isa": "PBXBuildFile"
		},
		"{2646265B-5B3D-4150-86C6-A64BF4B075F5}": {
			"explicitFileType": "sourcecode.c.h",
			"fileEncoding": "4",
			"isa": "PBXFileReference",
			"name": "ofxNDIutils.h",
			"path": "../../../addons/ofxNDI/src/ofxNDIutils.h",
			"sourceTree": "SOURCE_ROOT"
		},
		"{2968DD9A-8A0C-4405-AF43-1F11D8F1F53A}": {
			"explicitFileType": "sourcecode.c.h",
			"fileEncoding": "4",
			"isa": "PBXFileReference",
			"name": "ofxNDI.h",
			"path": "../../../addons/ofxNDI/src/ofxNDI.h",
			"sourceTree": "SOURCE_ROOT"
		},
		"{2AB978E4-5C05-4EBC-8066-CCF5BF7E1DFD}": {
			"explicitFileType": "sourcecode.c.h",
			"fileEncoding": "4",
			"isa": "PBXFileReference",
			"name": "Processing.NDI.DynamicLoad.h",
			"path": "../../../addons/ofxNDI/libs/NDI/include/Processing.NDI.DynamicLoad.h",
			"sourceTree": "SOURCE_ROOT"
		},
		"{347A82A9-57E2-47E5-A9EE-4AB294AF5D16}": {
			"explicitFileType": "sourcecode.c.h",
			"fileEncoding": "4",
			"isa": "PBXFileReference",
			"name": "Processing.NDI.structs.h",
			"path": "../../../addons/ofxNDI/libs/NDI/include/Processing.NDI.structs.h",
			"sourceTree": "SOURCE_ROOT"
		},
		"{3CFE403A-51BB-4AFF-A1B3-102240B40319}": {
			"explicitFileType": "sourcecode.c.h",
			"fileEncoding": "4",
			"isa": "PBXFileReference",
			"name": "ofxNDIreceiver.h",
			"path": "../../../addons/ofxNDI/src/ofxNDIreceiver.h",
			"sourceTree": "SOURCE_ROOT"
		},
		"{400E65A0-CDEE-49F1-B8C4-BAB49E1C9004}": {
			"explicitFileType": "sourcecode.c.h",
			"fileEncoding": "4",
			"isa": "PBXFileReference",
			"name": "ofxNDIreceive.h",
			"path": "../../../addons/ofxNDI/src/ofxNDIreceive.h",
			"sourceTree": "SOURCE_ROOT"
		},
		"{43A215F1-C6A7-4180-A7A9-10E7939D4C4A}": {
			"fileRef": "{19872F28-DE86-4A91-9CDF-D2FB1F03C798}",
			"isa": "PBXBuildFile"
		},
		"{457F7004-DCF6-45DA-945E-84E6CB0B2FB3}": {
			"explicitFileType": "sourcecode.c.h",
			"fileEncoding": "4",
			"isa": "PBXFileReference",
			"name": "Processing.NDI.compat.h",
			"path": "../../../addons/ofxNDI/libs/NDI/include/Processing.NDI.compat.h",
			"sourceTree": "SOURCE_ROOT"
		},
		"{4E530615-8846-4D71-8A75-E7FF48913528}": {
			"fileRef": "{0741D13B-71D3-407F-89BC-E24A859EBC5C}",
			"isa": "PBXBuildFile",
			"settings": {
				"ATTRIBUTES": [
					"CodeSignOnCopy"
				]
			}
		},
		"{5675133A-8E0B-428F-A9C3-4D9035936CAD}": {
			"explicitFileType": "sourcecode.c.h",
			"fileEncoding": "4",
			"isa": "PBXFileReference",
			"name": "ofxNDIdynloader.h",
			"path": "../../../addons/ofxNDI/src/ofxNDIdynloader.h",
			"sourceTree": "SOURCE_ROOT"
		},
		"{572E1F72-E218-4D6E-928A-75185DF08E6A}": {
			"children": [
				"{F94AC511-21EC-4EEA-9309-87A5289A1252}"
			],
			"isa": "PBXGroup",
			"name": "NDI",
			"sourceTree": "SOURCE_ROOT"
		},
		"{58A80145-6050-447B-BC8B-97306F46AAE8}": {
			"explicitFileType": "sourcecode.cpp.cpp",
			"fileEncoding": "4",
			"isa": "PBXFileReference",
			"name": "ofxNDIreceiver.cpp",
			"path": "../../../addons/ofxNDI/src/ofxNDIreceiver.cpp",
			"sourceTree": "SOURCE_ROOT"
		},
		"{58C88645-356F-4083-A6CF-CDFB1735B8BA}": {
			"explicitFileType": "sourcecode.c.h",
			"fileEncoding": "4",
			"isa": "PBXFileReference",
			"name": "Processing.NDI.Lib.cplusplus.h",
			"path": "../../../addons/ofxNDI/libs/NDI/include/Processing.NDI.Lib.cplusplus.h",
			"sourceTree": "SOURCE_ROOT"
		},
		"{61B3D59A-1831-442B-A2CC-DA9123C79E87}": {
			"fileRef": "{0741D13B-71D3-407F-89BC-E24A859EBC5C}",
			"isa": "PBXBuildFile",
			"settings": {
				"ATTRIBUTES": [
					"CodeSignOnCopy"
				]
			}
		},
		"{626399ED-879F-4CB6-B069-E9F53BEF515E}": {
			"explicitFileType": "sourcecode.c.h",
			"fileEncoding": "4",
			"isa": "PBXFileReference",
			"name": "Processing.NDI.Send.h",
			"path": "../../../addons/ofxNDI/libs/NDI/include/Processing.NDI.Send.h",
			"sourceTree": "SOURCE_ROOT"
		},
		"{673A498E-693A-4C49-AB78-1CEFD85C513A}": {
			"fileRef": "{B9783887-C8A7-4C8B-B43A-4B4A484C83DF}",
			"isa": "PBXBuildFile"
		},
		"{67CB3094-3C48-4258-8021-5C37BD1622C3}": {
			"explicitFileType": "sourcecode.c.h",
			"fileEncoding": "4",
			"isa": "PBXFileReference",
			"name": "Processing.NDI.FrameSync.h",
			"path": "../../../addons/ofxNDI/libs/NDI/include/Processing.NDI.FrameSync.h",
			"sourceTree": "SOURCE_ROOT"
		},
		"{7343581A-E751-455D-8E0C-F8D66FDBF40C}": {
			"explicitFileType": "sourcecode.c.h",
			"fileEncoding": "4",
			"isa": "PBXFileReference",
			"name": "Processing.NDI.utilities.h",
			"path": "../../../addons/ofxNDI/libs/NDI/include/Processing.NDI.utilities.h",
			"sourceTree": "SOURCE_ROOT"
		},
		"{8465DBFF-9E93-4C42-8733-3E0B6D43AC10}": {
			"explicitFileType": "sourcecode.c.h",
			"fileEncoding": "4",
			"isa": "PBXFileReference",
			"name": "Processing.NDI.Recv.h",
			"path": "../../../addons/ofxNDI/libs/NDI/include/Processing.NDI.Recv.h",
			"sourceTree": "SOURCE_ROOT"
		},
		"{8CAF0FDC-180A-4445-A9D8-2FAE44504FBB}": {
			"explicitFileType": "sourcecode.c.h",
			"fileEncoding": "4",
			"isa": "PBXFileReference",
			"name": "ofxNDIplatforms.h",
			"path": "../../../addons/ofxNDI/src/ofxNDIplatforms.h",
			"sourceTree": "SOURCE_ROOT"
		},
		"{907B84A6-FE95-4695-8359-5C5100571AAA}": {
			"children": [
				"{2968DD9A-8A0C-4405-AF43-1F11D8F1F53A}",
				"{19872F28-DE86-4A91-9CDF-D2FB1F03C798}",
				"{5675133A-8E0B-428F-A9C3-4D9035936CAD}",
				"{8CAF0FDC-180A-4445-A9D8-2FAE44504FBB}",
				"{B3FE823C-FE37-4A66-B2B4-E7CBAB0BA16B}",
				"{400E65A0-CDEE-49F1-B8C4-BAB49E1C9004}",
				"{58A80145-6050-447B-BC8B-97306F46AAE8}",
				"{3CFE403A-51BB-4AFF-A1B3-102240B40319}",
				"{9D9540B3-633E-411E-A2FD-3EC4D197027D}",
				"{A3968631-0F4F-4885-88A1-FC894032AB27}",
				"{B31BA883-7086-40F7-995D-9A9E3C7D3572}",
				"{124CAB9C-9434-4871-AD6A-E7A14BC9DA9B}",
				"{B9783887-C8A7-4C8B-B43A-4B4A484C83DF}",
				"{2646265B-5B3D-4150-86C6-A64BF4B075F5}",
				"{9F7E8536-770C-4FE5-9D1D-81952CE2C6FD}"
			],
			"isa": "PBXGroup",
			"name": "src",
			"sourceTree": "SOURCE_ROOT"
		},
		"{9D9540B3-633E-411E-A2FD-3EC4D197027D}": {
			"explicitFileType": "sourcecode.cpp.cpp",
			"fileEncoding": "4",
			"isa": "PBXFileReference",
			"name": "ofxNDIsend.cpp",
			"path": "../../../addons/ofxNDI/src/ofxNDIsend.cpp",
			"sourceTree": "SOURCE_ROOT"
		},
		"{9F7E8536-770C-4FE5-9D1D-81952CE2C6FD}": {
			"explicitFileType": "sourcecode.c.h",
			"fileEncoding": "4",
			"isa": "PBXFileReference",
			"name": "sse2neon.h",
			"path": "../../../addons/ofxNDI/src/sse2neon.h",
			"sourceTree": "SOURCE_ROOT"
		},
		"{A3968631-0F4F-4885-88A1-FC894032AB27}": {
			"explicitFileType": "sourcecode.c.h",
			"fileEncoding": "4",
			"isa": "PBXFileReference",
			"name": "ofxNDIsend.h",
			"path": "../../../addons/ofxNDI/src/ofxNDIsend.h",
			"sourceTree": "SOURCE_ROOT"
		},
		"{A67EC419-6EF9-4ABD-88F0-1F82C3E7C5FA}": {
			"explicitFileType": "sourcecode.c.h",
			"fileEncoding": "4",
			"isa": "PBXFileReference",
			"name": "Processing.NDI.Routing.h",
			"path": "../../../addons/ofxNDI/libs/NDI/include/Processing.NDI.Routing.h",
			"sourceTree": "SOURCE_ROOT"
		},
		"{A6F2DB65-6DC2-4684-80C8-411465332672}": {
			"children": [
				"{572E1F72-E218-4D6E-928A-75185DF08E6A}"
			],
			"isa": "PBXGroup",
			"name": "libs",
			"sourceTree": "SOURCE_ROOT"
		},
		"{B31BA883-7086-40F7-995D-9A9E3C7D3572}": {
			"explicitFileType": "sourcecode.cpp.cpp",
			"fileEncoding": "4",
			"isa": "PBXFileReference",
			"name": "ofxNDIsender.cpp",
			"path": "../../../addons/ofxNDI/src/ofxNDIsender.cpp",
			"sourceTree": "SOURCE_ROOT"
		},
		"{B3FE823C-FE37-4A66-B2B4-E7CBAB0BA16B}": {
			"explicitFileType": "sourcecode.cpp.cpp",
			"fileEncoding": "4",
			"isa": "PBXFileReference",
			"name": "ofxNDIreceive.cpp",
			"path": "../../../addons/ofxNDI/src/ofxNDIreceive.cpp",
			"sourceTree": "SOURCE_ROOT"
		},
		"{B9783887-C8A7-4C8B-B43A-4B4A484C83DF}": {
			"explicitFileType": "sourcecode.cpp.cpp",
			"fileEncoding": "4",
			"isa": "PBXFileReference",
			"name": "ofxNDIutils.cpp",
			"path": "../../../addons/ofxNDI/src/ofxNDIutils.cpp",
			"sourceTree": "SOURCE_ROOT"
		},
		"{CD1D78B4-7FEF-4A0D-87CC-88866D469A55}": {
			"fileRef": "{B31BA883-7086-40F7-995D-9A9E3C7D3572}",
			"isa": "PBXBuildFile"
		},
		"{DAC9DE76-70BB-461E-8E7A-28C07E88B637}": {
			"fileRef": "{58A80145-6050-447B-BC8B-97306F46AAE8}",
			"isa": "PBXBuildFile"
		},
		"{DB41761A-B64E-4817-9796-74E3750AE4F3}": {
			"children": [
				"{A6F2DB65-6DC2-4684-80C8-411465332672}",
				"{907B84A6-FE95-4695-8359-5C5100571AAA}"
			],
			"isa": "PBXGroup",
			"name": "ofxNDI",
			"sourceTree": "SOURCE_ROOT"
		},
		"{F94AC511-21EC-4EEA-9309-87A5289A1252}": {
			"children": [
				"{2AB978E4-5C05-4EBC-8066-CCF5BF7E1DFD}",
				"{1867FD91-8CBE-4CED-B630-8532FD0D49D7}",
				"{67CB3094-3C48-4258-8021-5C37BD1622C3}",
				"{58C88645-356F-4083-A6CF-CDFB1735B8BA}",
				"{02574566-A5CE-4630-BA6C-A2E5ADE9B216}",
				"{21FCC974-24BB-49BE-8097-8959B961F7F6}",
				"{8465DBFF-9E93-4C42-8733-3E0B6D43AC10}",
				"{A67EC419-6EF9-4ABD-88F0-1F82C3E7C5FA}",
				"{626399ED-879F-4CB6-B069-E9F53BEF515E}",
				"{457F7004-DCF6-45DA-945E-84E6CB0B2FB3}",
				"{250D6978-923E-4443-A8B1-E1BFC4780452}",
				"{347A82A9-57E2-47E5-A9EE-4AB294AF5D16}",
				"{7343581A-E751-455D-8E0C-F8D66FDBF40C}"
			],
			"isa": "PBXGroup",
			"name": "include",
			"sourceTree": "SOURCE_ROOT"
		}
	},
	"rootObject": "E4B69B4C0A3A1720003C02F2"
}