{
	"archiveVersion": "1",
	"classes": {},
	"objectVersion": "54",
	"objects": {
		"00DD8F39-D991-4831-A443-3C662B0671D9": {
			"explicitFileType": "sourcecode.c.h",
			"fileEncoding": "4",
			"isa": "PBXFileReference",
			"name": "Processing.NDI.Send.h",
			"path": "..\\..\\..\\addons\\ofxNDI\\libs\\NDI\\include\\Processing.NDI.Send.h",
			"sourceTree": "SOURCE_ROOT"
		},
		"06C18102-4764-46D3-881E-F0C1F5491C21": {
			"explicitFileType": "sourcecode.c.h",
			"fileEncoding": "4",
			"isa": "PBXFileReference",
			"name": "Processing.NDI.deprecated.h",
			"path": "..\\..\\..\\addons\\ofxNDI\\libs\\NDI\\include\\Processing.NDI.deprecated.h",
			"sourceTree": "SOURCE_ROOT"
		},
		"06EE6234-1A98-4E3A-B071-EF4D7CFB906D": {
			"explicitFileType": "sourcecode.cpp.cpp",
			"fileEncoding": "4",
			"isa": "PBXFileReference",
			"name": "ofxNDIutils.cpp",
			"path": "..\\..\\..\\addons\\ofxNDI\\src\\ofxNDIutils.cpp",
			"sourceTree": "SOURCE_ROOT"
		},
		"0E8E76AF-8675-4AF1-B6A1-3C6BC8FD398E": {
			"fileRef": "998A98FF-8153-48DB-926B-3DDFF2B7E021",
			"isa": "PBXBuildFile"
		},
		"12C4B32F-6450-4843-94D6-70AAFAE0D593": {
			"explicitFileType": "sourcecode.c.h",
			"fileEncoding": "4",
			"isa": "PBXFileReference",
			"name": "ofxNDIsend.h",
			"path": "..\\..\\..\\addons\\ofxNDI\\src\\ofxNDIsend.h",
			"sourceTree": "SOURCE_ROOT"
		},
		"191CD6FA2847E21E0085CBB6": {
			"fileEncoding": "4",
			"isa": "PBXFileReference",
			"lastKnownFileType": "text.plist.entitlements",
			"path": "of.entitlements",
			"sourceTree": "<group>"
		},
		"191EF70929D778A400F35F26": {
			"isa": "PBXFileReference",
			"lastKnownFileType": "folder",
			"name": "openFrameworks",
			"path": "../../../libs/openFrameworks",
			"sourceTree": "SOURCE_ROOT"
		},
		"19B789C429E5AB4A0082E9B8": {
			"buildActionMask": "2147483647",
			"files": [],
			"inputFileListPaths": [],
			"inputPaths": [],
			"isa": "PBXShellScriptBuildPhase",
			"outputFileListPaths": [],
			"outputPaths": [],
			"runOnlyForDeploymentPostprocessing": "0",
			"shellPath": "/bin/sh",
			"shellScript": "\"$OF_PATH/scripts/osx/xcode_project.sh\"\n",
			"showEnvVarsInLog": "0"
		},
		"1A26E15D-2B57-4232-8D06-A1141845DB1B": {
			"children": [
				"E19B922E-9A9F-43DC-B36E-1FD8509B8F99",
				"8EF2812C-781E-4CED-B568-447619A86C31",
				"A31EB203-8FA0-4607-8229-488C2F59B630",
				"FEE6E12E-E106-4F8F-8FB9-9797CA4A5D88",
				"56734FB4-0B33-43D7-9EA5-79481F780DC9",
				"F718CDC0-940C-4E22-B8F5-5C8C342C9DC1",
				"B4351B0A-2F75-4C4F-9395-23608E7CB7A6",
				"424013E7-91CD-4459-95B8-BF27CCF15ABE",
				"00DD8F39-D991-4831-A443-3C662B0671D9",
				"A81F212F-A1C6-4ADE-A897-26D25AD486C1",
				"06C18102-4764-46D3-881E-F0C1F5491C21",
				"540A06E2-8E9B-4EF9-AED8-709CD7B1EBD3",
				"41378487-E9A6-469F-907D-7AE0F2A932F8"
			],
			"isa": "PBXGroup",
			"name": "addons\\ofxNDI\\libs\\NDI\\include",
			"path": "../../..\\addons\\ofxNDI\\libs\\NDI\\include",
			"sourceTree": "SOURCE_ROOT"
		},
		"1CB7E8BA-3666-4BDC-9DEA-66DCBA109717": {
			"explicitFileType": "sourcecode.c.h",
			"fileEncoding": "4",
			"isa": "PBXFileReference",
			"name": "ofxNDIsender.h",
			"path": "..\\..\\..\\addons\\ofxNDI\\src\\ofxNDIsender.h",
			"sourceTree": "SOURCE_ROOT"
		},
		"24C3DF3A-10D6-4601-898B-FD85018342E6": {
			"explicitFileType": "sourcecode.cpp.cpp",
			"fileEncoding": "4",
			"isa": "PBXFileReference",
			"name": "ofxNDIsend.cpp",
			"path": "..\\..\\..\\addons\\ofxNDI\\src\\ofxNDIsend.cpp",
			"sourceTree": "SOURCE_ROOT"
		},
		"32A27192-2A94-4493-B697-D27E5BC9D143": {
			"explicitFileType": "sourcecode.c.h",
			"fileEncoding": "4",
			"isa": "PBXFileReference",
			"name": "ofxNDIdynloader.h",
			"path": "..\\..\\..\\addons\\ofxNDI\\src\\ofxNDIdynloader.h",
			"sourceTree": "SOURCE_ROOT"
		},
		"3FA203B4-33C3-4283-9FE1-2A1FC2D1AF85": {
			"fileRef": "5DDE576D-A620-47F4-BFEA-1F69275DE8FE",
			"isa": "PBXBuildFile"
		},
		"41378487-E9A6-469F-907D-7AE0F2A932F8": {
			"explicitFileType": "sourcecode.c.h",
			"fileEncoding": "4",
			"isa": "PBXFileReference",
			"name": "Processing.NDI.utilities.h",
			"path": "..\\..\\..\\addons\\ofxNDI\\libs\\NDI\\include\\Processing.NDI.utilities.h",
			"sourceTree": "SOURCE_ROOT"
		},
		"424013E7-91CD-4459-95B8-BF27CCF15ABE": {
			"explicitFileType": "sourcecode.c.h",
			"fileEncoding": "4",
			"isa": "PBXFileReference",
			"name": "Processing.NDI.Routing.h",
			"path": "..\\..\\..\\addons\\ofxNDI\\libs\\NDI\\include\\Processing.NDI.Routing.h",
			"sourceTree": "SOURCE_ROOT"
		},
		"47D729E0-4062-4F12-96FE-986D43A1039D": {
			"explicitFileType": "sourcecode.c.h",
			"fileEncoding": "4",
			"isa": "PBXFileReference",
			"name": "ofxNDI.h",
			"path": "..\\..\\..\\addons\\ofxNDI\\src\\ofxNDI.h",
			"sourceTree": "SOURCE_ROOT"
		},
		"4A46F526-607B-473E-BFA8-FF55DE63901F": {
			"explicitFileType": "sourcecode.c.h",
			"fileEncoding": "4",
			"isa": "PBXFileReference",
			"name": "ofxNDIutils.h",
			"path": "..\\..\\..\\addons\\ofxNDI\\src\\ofxNDIutils.h",
			"sourceTree": "SOURCE_ROOT"
		},
		"526830B5-8D52-4CC8-866C-E092F4AAA9A2": {
			"fileRef": "DB8C2BA1-F55F-4327-9EC1-F18793849A8E",
			"isa": "PBXBuildFile"
		},
		"540A06E2-8E9B-4EF9-AED8-709CD7B1EBD3": {
			"explicitFileType": "sourcecode.c.h",
			"fileEncoding": "4",
			"isa": "PBXFileReference",
			"name": "Processing.NDI.structs.h",
			"path": "..\\..\\..\\addons\\ofxNDI\\libs\\NDI\\include\\Processing.NDI.structs.h",
			"sourceTree": "SOURCE_ROOT"
		},
		"56734FB4-0B33-43D7-9EA5-79481F780DC9": {
			"explicitFileType": "sourcecode.c.h",
			"fileEncoding": "4",
			"isa": "PBXFileReference",
			"name": "Processing.NDI.Lib.h",
			"path": "..\\..\\..\\addons\\ofxNDI\\libs\\NDI\\include\\Processing.NDI.Lib.h",
			"sourceTree": "SOURCE_ROOT"
		},
		"5A7F3D3E-86AB-4A1F-A851-0F77B0E64AFE": {
			"children": [
				"47D729E0-4062-4F12-96FE-986D43A1039D",
				"998A98FF-8153-48DB-926B-3DDFF2B7E021",
				"32A27192-2A94-4493-B697-D27E5BC9D143",
				"C6D76AC5-616D-40C4-9D52-A26C088A44DA",
				"5DDE576D-A620-47F4-BFEA-1F69275DE8FE",
				"A0991AC1-DD8E-4898-8D06-063077F79E18",
				"F62DDDAA-B10D-45F5-A609-ED6A849E371A",
				"62571BDA-2535-4AD2-B3F0-997DC8738E14",
				"24C3DF3A-10D6-4601-898B-FD85018342E6",
				"12C4B32F-6450-4843-94D6-70AAFAE0D593",
				"DB8C2BA1-F55F-4327-9EC1-F18793849A8E",
				"1CB7E8BA-3666-4BDC-9DEA-66DCBA109717",
				"06EE6234-1A98-4E3A-B071-EF4D7CFB906D",
				"4A46F526-607B-473E-BFA8-FF55DE63901F",
				"8BB0D6DA-449D-4E6D-A232-ADFCA3EF4C93"
			],
			"isa": "PBXGroup",
			"name": "addons\\ofxNDI\\src",
			"path": "../../..\\addons\\ofxNDI\\src",
			"sourceTree": "SOURCE_ROOT"
		},
		"5D4AA573-C530-4AC4-869B-F8663029EAEF": {
			"children": [
				"5FDF13E0-BD26-490A-9081-24EC1F837529"
			],
			"isa": "PBXGroup",
			"name": "addons\\ofxNDI\\libs\\NDI\\libs\\macOS",
			"sourceTree": "SOURCE_ROOT"
		},
		"5DDE576D-A620-47F4-BFEA-1F69275DE8FE": {
			"explicitFileType": "sourcecode.cpp.cpp",
			"fileEncoding": "4",
			"isa": "PBXFileReference",
			"name": "ofxNDIreceive.cpp",
			"path": "..\\..\\..\\addons\\ofxNDI\\src\\ofxNDIreceive.cpp",
			"sourceTree": "SOURCE_ROOT"
		},
		"5FDF13E0-BD26-490A-9081-24EC1F837529": {
			"isa": "PBXFileReference",
			"lastKnownFileType": "compiled.mach-o.dylib",
			"name": "libndi.dylib",
			"path": "..\\..\\..\\addons\\ofxNDI\\libs/NDI/libs/macOS/libndi.dylib",
			"sourceTree": "SOURCE_ROOT"
		},
		"62571BDA-2535-4AD2-B3F0-997DC8738E14": {
			"explicitFileType": "sourcecode.c.h",
			"fileEncoding": "4",
			"isa": "PBXFileReference",
			"name": "ofxNDIreceiver.h",
			"path": "..\\..\\..\\addons\\ofxNDI\\src\\ofxNDIreceiver.h",
			"sourceTree": "SOURCE_ROOT"
		},
		"6FA5BC2E-0F5C-4FBB-9C10-50550F6B6C72": {
			"fileRef": "5FDF13E0-BD26-490A-9081-24EC1F837529",
			"isa": "PBXBuildFile",
			"settings": {
				"ATTRIBUTES": [
					"CodeSignOnCopy"
				]
			}
		},
		"7EB8C43B-6212-4018-8A2E-BD61EC0935E9": {
			"explicitFileType": "sourcecode.cpp.cpp",
			"fileEncoding": "4",
			"isa": "PBXFileReference",
			"name": "ofApp.cpp",
			"path": "src\\ofApp.cpp",
			"sourceTree": "SOURCE_ROOT"
		},
		"8BB0D6DA-449D-4E6D-A232-ADFCA3EF4C93": {
			"explicitFileType": "sourcecode.c.h",
			"fileEncoding": "4",
			"isa": "PBXFileReference",
			"name": "sse2neon.h",
			"path": "..\\..\\..\\addons\\ofxNDI\\src\\sse2neon.h",
			"sourceTree": "SOURCE_ROOT"
		},
		"8EF2812C-781E-4CED-B568-447619A86C31": {
			"explicitFileType": "sourcecode.c.h",
			"fileEncoding": "4",
			"isa": "PBXFileReference",
			"name": "Processing.NDI.Find.h",
			"path": "..\\..\\..\\addons\\ofxNDI\\libs\\NDI\\include\\Processing.NDI.Find.h",
			"sourceTree": "SOURCE_ROOT"
		},
		"98B390C2-F75C-4AC3-92B3-5D2BCDFC84CD": {
			"fileRef": "F62DDDAA-B10D-45F5-A609-ED6A849E371A",
			"isa": "PBXBuildFile"
		},
		"998A98FF-8153-48DB-926B-3DDFF2B7E021": {
			"explicitFileType": "sourcecode.cpp.cpp",
			"fileEncoding": "4",
			"isa": "PBXFileReference",
			"name": "ofxNDIdynloader.cpp",
			"path": "..\\..\\..\\addons\\ofxNDI\\src\\ofxNDIdynloader.cpp",
			"sourceTree": "SOURCE_ROOT"
		},
		"A059EC21-9BCC-4E00-BF37-B262F7A96C46": {
			"fileRef": "B8DF1608-52AE-49C5-A638-C5E00E611070",
			"isa": "PBXBuildFile"
		},
		"A0991AC1-DD8E-4898-8D06-063077F79E18": {
			"explicitFileType": "sourcecode.c.h",
			"fileEncoding": "4",
			"isa": "PBXFileReference",
			"name": "ofxNDIreceive.h",
			"path": "..\\..\\..\\addons\\ofxNDI\\src\\ofxNDIreceive.h",
			"sourceTree": "SOURCE_ROOT"
		},
		"A31EB203-8FA0-4607-8229-488C2F59B630": {
			"explicitFileType": "sourcecode.c.h",
			"fileEncoding": "4",
			"isa": "PBXFileReference",
			"name": "Processing.NDI.FrameSync.h",
			"path": "..\\..\\..\\addons\\ofxNDI\\libs\\NDI\\include\\Processing.NDI.FrameSync.h",
			"sourceTree": "SOURCE_ROOT"
		},
		"A81F212F-A1C6-4ADE-A897-26D25AD486C1": {
			"explicitFileType": "sourcecode.c.h",
			"fileEncoding": "4",
			"isa": "PBXFileReference",
			"name": "Processing.NDI.compat.h",
			"path": "..\\..\\..\\addons\\ofxNDI\\libs\\NDI\\include\\Processing.NDI.compat.h",
			"sourceTree": "SOURCE_ROOT"
		},
		"B4351B0A-2F75-4C4F-9395-23608E7CB7A6": {
			"explicitFileType": "sourcecode.c.h",
			"fileEncoding": "4",
			"isa": "PBXFileReference",
			"name": "Processing.NDI.Recv.h",
			"path": "..\\..\\..\\addons\\ofxNDI\\libs\\NDI\\include\\Processing.NDI.Recv.h",
			"sourceTree": "SOURCE_ROOT"
		},
		"B8DF1608-52AE-49C5-A638-C5E00E611070": {
			"explicitFileType": "sourcecode.cpp.cpp",
			"fileEncoding": "4",
			"isa": "PBXFileReference",
			"name": "main.cpp",
			"path": "src\\main.cpp",
			"sourceTree": "SOURCE_ROOT"
		},
		"BB4B014C10F69532006C3DED": {
			"children": [],
			"isa": "PBXGroup",
			"name": "addons",
			"path": "../../../addons",
			"sourceTree": "<group>"
		},
		"BD25DE64-9FE6-4608-A802-70D2C6497114": {
			"fileRef": "7EB8C43B-6212-4018-8A2E-BD61EC0935E9",
			"isa": "PBXBuildFile"
		},
		"C6D76AC5-616D-40C4-9D52-A26C088A44DA": {
			"explicitFileType": "sourcecode.c.h",
			"fileEncoding": "4",
			"isa": "PBXFileReference",
			"name": "ofxNDIplatforms.h",
			"path": "..\\..\\..\\addons\\ofxNDI\\src\\ofxNDIplatforms.h",
			"sourceTree": "SOURCE_ROOT"
		},
		"D12C2746-15CC-4475-8088-F85272D01F61": {
			"fileRef": "5FDF13E0-BD26-490A-9081-24EC1F837529",
			"isa": "PBXBuildFile",
			"settings": {
				"ATTRIBUTES": [
					"CodeSignOnCopy"
				]
			}
		},
		"D3024634-738E-44B4-82BD-2AB50BA85C04": {
			"fileRef": "06EE6234-1A98-4E3A-B071-EF4D7CFB906D",
			"isa": "PBXBuildFile"
		},
		"DB8C2BA1-F55F-4327-9EC1-F18793849A8E": {
			"explicitFileType": "sourcecode.cpp.cpp",
			"fileEncoding": "4",
			"isa": "PBXFileReference",
			"name": "ofxNDIsender.cpp",
			"path": "..\\..\\..\\addons\\ofxNDI\\src\\ofxNDIsender.cpp",
			"sourceTree": "SOURCE_ROOT"
		},
		"E19B922E-9A9F-43DC-B36E-1FD8509B8F99": {
			"explicitFileType": "sourcecode.c.h",
			"fileEncoding": "4",
			"isa": "PBXFileReference",
			"name": "Processing.NDI.DynamicLoad.h",
			"path": "..\\..\\..\\addons\\ofxNDI\\libs\\NDI\\include\\Processing.NDI.DynamicLoad.h",
			"sourceTree": "SOURCE_ROOT"
		},
		"E1B9A4ED-6A1C-49C6-9D51-4C13310C6C7B": {
			"fileRef": "24C3DF3A-10D6-4601-898B-FD85018342E6",
			"isa": "PBXBuildFile"
		},
		"E42962A92163ECCD00A6A9E2": {
			"alwaysOutOfDate": "1",
			"buildActionMask": "2147483647",
			"files": [],
			"inputPaths": [],
			"isa": "PBXShellScriptBuildPhase",
			"name": "Run Script — Compile OF",
			"outputPaths": [],
			"runOnlyForDeploymentPostprocessing": "0",
			"shellPath": "/bin/sh",
			"shellScript": "echo \"💾 Compiling Openframeworks\"\nxcodebuild -project \"$OF_PATH/libs/openFrameworksCompiled/project/osx/openFrameworksLib.xcodeproj\" -target openFrameworks -configuration \"${CONFIGURATION}\"  CLANG_CXX_LANGUAGE_STANDARD=$CLANG_CXX_LANGUAGE_STANDARD MACOSX_DEPLOYMENT_TARGET=$MACOSX_DEPLOYMENT_TARGET GCC_PREPROCESSOR_DEFINITIONS=$USER_PREPROCESSOR_DEFINITIONS\n",
			"showEnvVarsInLog": "0"
		},
		"E4A5B60F29BAAAE400C2D356": {
			"buildActionMask": "2147483647",
			"dstPath": "",
			"dstSubfolderSpec": "6",
			"files": [
				"6FA5BC2E-0F5C-4FBB-9C10-50550F6B6C72"
			],
			"isa": "PBXCopyFilesBuildPhase",
			"runOnlyForDeploymentPostprocessing": "0"
		},
		"E4B69B4A0A3A1720003C02F2": {
			"children": [
				"191CD6FA2847E21E0085CBB6",
				"E4B6FCAD0C3E899E008CF71C",
				"E4EB6923138AFD0F00A09F29",
				"E4B69E1C0A3A1BDC003C02F2",
				"191EF70929D778A400F35F26",
				"BB4B014C10F69532006C3DED",
				"E4B69B5B0A3A1756003C02F2",
				"5D4AA573-C530-4AC4-869B-F8663029EAEF",
				"1A26E15D-2B57-4232-8D06-A1141845DB1B",
				"5A7F3D3E-86AB-4A1F-A851-0F77B0E64AFE"
			],
			"isa": "PBXGroup",
			"sourceTree": "<group>"
		},
		"E4B69B4C0A3A1720003C02F2": {
			"attributes": {
				"LastUpgradeCheck": "0600"
			},
			"buildConfigurationList": "E4B69B4D0A3A1720003C02F2",
			"compatibilityVersion": "Xcode 3.2",
			"developmentRegion": "en",
			"hasScannedForEncodings": "0",
			"isa": "PBXProject",
			"knownRegions": [
				"en",
				"Base"
			],
			"mainGroup": "E4B69B4A0A3A1720003C02F2",
			"productRefGroup": "E4B69B4A0A3A1720003C02F2",
			"projectDirPath": "",
			"projectRoot": "",
			"targets": [
				"E4B69B5A0A3A1756003C02F2"
			]
		},
		"E4B69B4D0A3A1720003C02F2": {
			"buildConfigurations": [
				"E4B69B4E0A3A1720003C02F2",
				"E4B69B4F0A3A1720003C02F2"
			],
			"defaultConfigurationIsVisible": "0",
			"defaultConfigurationName": "Release",
			"isa": "XCConfigurationList"
		},
		"E4B69B4E0A3A1720003C02F2": {
			"baseConfigurationReference": "E4EB6923138AFD0F00A09F29",
			"buildSettings": {
				"CODE_SIGN_ENTITLEMENTS": "of.entitlements",
				"COPY_PHASE_STRIP": "NO",
				"ENABLE_TESTABILITY": "YES",
				"GCC_OPTIMIZATION_LEVEL": "0",
				"GCC_WARN_UNUSED_VARIABLE": "NO",
				"HEADER_SEARCH_PATHS": [
					"$(OF_CORE_HEADERS)",
					"src"
				],
				"OTHER_CPLUSPLUSFLAGS": "-D__MACOSX_CORE__"
			},
			"isa": "XCBuildConfiguration",
			"name": "Debug"
		},
		"E4B69B4F0A3A1720003C02F2": {
			"baseConfigurationReference": "E4EB6923138AFD0F00A09F29",
			"buildSettings": {
				"CODE_SIGN_ENTITLEMENTS": "of.entitlements",
				"COPY_PHASE_STRIP": "YES",
				"GCC_OPTIMIZATION_LEVEL": "3",
				"GCC_UNROLL_LOOPS": "YES",
				"HEADER_SEARCH_PATHS": [
					"$(OF_CORE_HEADERS)",
					"src"
				],
				"OTHER_CPLUSPLUSFLAGS": "-D__MACOSX_CORE__"
			},
			"isa": "XCBuildConfiguration",
			"name": "Release"
		},
		"E4B69B580A3A1756003C02F2": {
			"buildActionMask": "2147483647",
			"files": [
				"E4B69E200A3A1BDC003C02F2",
				"E4B69E210A3A1BDC003C02F2",
				"A059EC21-9BCC-4E00-BF37-B262F7A96C46",
				"BD25DE64-9FE6-4608-A802-70D2C6497114",
				"0E8E76AF-8675-4AF1-B6A1-3C6BC8FD398E",
				"3FA203B4-33C3-4283-9FE1-2A1FC2D1AF85",
				"98B390C2-F75C-4AC3-92B3-5D2BCDFC84CD",
				"E1B9A4ED-6A1C-49C6-9D51-4C13310C6C7B",
				"526830B5-8D52-4CC8-866C-E092F4AAA9A2",
				"D3024634-738E-44B4-82BD-2AB50BA85C04"
			],
			"isa": "PBXSourcesBuildPhase",
			"runOnlyForDeploymentPostprocessing": "0"
		},
		"E4B69B590A3A1756003C02F2": {
			"buildActionMask": "2147483647",
			"files": [],
			"isa": "PBXFrameworksBuildPhase",
			"runOnlyForDeploymentPostprocessing": "0"
		},
		"E4B69B5A0A3A1756003C02F2": {
			"buildConfigurationList": "E4B69B5F0A3A1757003C02F2",
			"buildPhases": [
				"E42962A92163ECCD00A6A9E2",
				"E4B69B580A3A1756003C02F2",
				"E4B69B590A3A1756003C02F2",
				"E4C2427710CC5ABF004149E2",
				"E4A5B60F29BAAAE400C2D356",
				"19B789C429E5AB4A0082E9B8"
			],
			"buildRules": [],
			"dependencies": [],
			"isa": "PBXNativeTarget",
			"name": "example-sender",
			"productName": "myOFApp",
			"productReference": "E4B69B5B0A3A1756003C02F2",
			"productType": "com.apple.product-type.application"
		},
		"E4B69B5B0A3A1756003C02F2": {
			"explicitFileType": "wrapper.application",
			"includeInIndex": "0",
			"isa": "PBXFileReference",
			"path": "example-senderDebug.app",
			"sourceTree": "BUILT_PRODUCTS_DIR"
		},
		"E4B69B5F0A3A1757003C02F2": {
			"buildConfigurations": [
				"E4B69B600A3A1757003C02F2",
				"E4B69B610A3A1757003C02F2"
			],
			"defaultConfigurationIsVisible": "0",
			"defaultConfigurationName": "Release",
			"isa": "XCConfigurationList"
		},
		"E4B69B600A3A1757003C02F2": {
			"baseConfigurationReference": "E4EB6923138AFD0F00A09F29",
			"buildSettings": {
				"ARCHS": "$(ARCHS_STANDARD)",
				"COPY_PHASE_STRIP": "NO",
				"FRAMEWORK_SEARCH_PATHS": "$(inherited)",
				"GCC_DYNAMIC_NO_PIC": "NO",
				"HEADER_SEARCH_PATHS": [
					"$(OF_CORE_HEADERS)",
					"src",
					"src",
					"..\\..\\..\\addons\\ofxNDI\\libs/NDI/include",
					"..\\..\\..\\addons\\ofxNDI\\src"
				],
				"LIBRARY_SEARCH_PATHS": "$(inherited)",
				"OTHER_LDFLAGS": [
					"$(OF_CORE_LIBS)",
					"$(OF_CORE_FRAMEWORKS)",
					"$(LIB_OF_DEBUG)",
					"..\\..\\..\\addons\\ofxNDI\\libs/NDI/libs/macOS/libndi.dylib",
					"-Xlinker",
					"-rpath",
					"-Xlinker",
					"@executable_path"
				]
			},
			"isa": "XCBuildConfiguration",
			"name": "Debug"
		},
		"E4B69B610A3A1757003C02F2": {
			"baseConfigurationReference": "E4EB6923138AFD0F00A09F29",
			"buildSettings": {
				"ARCHS": "$(ARCHS_STANDARD)",
				"COPY_PHASE_STRIP": "YES",
				"FRAMEWORK_SEARCH_PATHS": "$(inherited)",
				"HEADER_SEARCH_PATHS": [
					"$(OF_CORE_HEADERS)",
					"src",
					"src",
					"..\\..\\..\\addons\\ofxNDI\\libs/NDI/include",
					"..\\..\\..\\addons\\ofxNDI\\src"
				],
				"LIBRARY_SEARCH_PATHS": "$(inherited)",
				"OTHER_LDFLAGS": [
					"$(OF_CORE_LIBS)",
					"$(OF_CORE_FRAMEWORKS)",
					"$(LIB_OF)",
					"..\\..\\..\\addons\\ofxNDI\\libs/NDI/libs/macOS/libndi.dylib",
					"-Xlinker",
					"-rpath",
					"-Xlinker",
					"@executable_path"
				],
				"baseConfigurationReference": "E4EB6923138AFD0F00A09F29"
			},
			"isa": "XCBuildConfiguration",
			"name": "Release"
		},
		"E4B69E1C0A3A1BDC003C02F2": {
			"children": [
				"E4B69E1D0A3A1BDC003C02F2",
				"E4B69E1E0A3A1BDC003C02F2",
				"E4B69E1F0A3A1BDC003C02F2",
				"B8DF1608-52AE-49C5-A638-C5E00E611070",
				"7EB8C43B-6212-4018-8A2E-BD61EC0935E9",
				"F0704E54-C2E3-4178-B1C8-96B195826AD1"
			],
			"isa": "PBXGroup",
			"path": "src",
			"sourceTree": "SOURCE_ROOT"
		},
		"E4B69E1D0A3A1BDC003C02F2": {
			"fileEncoding": "4",
			"isa": "PBXFileReference",
			"lastKnownFileType": "sourcecode.cpp.cpp",
			"name": "main.cpp",
			"path": "src/main.cpp",
			"sourceTree": "SOURCE_ROOT"
		},
		"E4B69E1E0A3A1BDC003C02F2": {
			"explicitFileType": "sourcecode.cpp.cpp",
			"fileEncoding": "4",
			"isa": "PBXFileReference",
			"name": "ofApp.cpp",
			"path": "src/ofApp.cpp",
			"sourceTree": "SOURCE_ROOT"
		},
		"E4B69E1F0A3A1BDC003C02F2": {
			"fileEncoding": "4",
			"isa": "PBXFileReference",
			"lastKnownFileType": "sourcecode.c.h",
			"name": "ofApp.h",
			"path": "src/ofApp.h",
			"sourceTree": "SOURCE_ROOT"
		},
		"E4B69E200A3A1BDC003C02F2": {
			"fileRef": "E4B69E1D0A3A1BDC003C02F2",
			"isa": "PBXBuildFile"
		},
		"E4B69E210A3A1BDC003C02F2": {
			"fileRef": "E4B69E1E0A3A1BDC003C02F2",
			"isa": "PBXBuildFile"
		},
		"E4B6FCAD0C3E899E008CF71C": {
			"fileEncoding": "4",
			"isa": "PBXFileReference",
			"lastKnownFileType": "text.plist.xml",
			"path": "openFrameworks-Info.plist",
			"sourceTree": "<group>"
		},
		"E4C2427710CC5ABF004149E2": {
			"buildActionMask": "2147483647",
			"dstPath": "",
			"dstSubfolderSpec": "10",
			"files": [],
			"isa": "PBXCopyFilesBuildPhase",
			"runOnlyForDeploymentPostprocessing": "0"
		},
		"E4EB6923138AFD0F00A09F29": {
			"fileEncoding": "4",
			"isa": "PBXFileReference",
			"lastKnownFileType": "text.xcconfig",
			"path": "Project.xcconfig",
			"sourceTree": "<group>"
		},
		"F0704E54-C2E3-4178-B1C8-96B195826AD1": {
			"explicitFileType": "sourcecode.c.h",
			"fileEncoding": "4",
			"isa": "PBXFileReference",
			"name": "ofApp.h",
			"path": "src\\ofApp.h",
			"sourceTree": "SOURCE_ROOT"
		},
		"F62DDDAA-B10D-45F5-A609-ED6A849E371A": {
			"explicitFileType": "sourcecode.cpp.cpp",
			"fileEncoding": "4",
			"isa": "PBXFileReference",
			"name": "ofxNDIreceiver.cpp",
			"path": "..\\..\\..\\addons\\ofxNDI\\src\\ofxNDIreceiver.cpp",
			"sourceTree": "SOURCE_ROOT"
		},
		"F718CDC0-940C-4E22-B8F5-5C8C342C9DC1": {
			"explicitFileType": "sourcecode.c.h",
			"fileEncoding": "4",
			"isa": "PBXFileReference",
			"name": "Processing.NDI.Recv.ex.h",
			"path": "..\\..\\..\\addons\\ofxNDI\\libs\\NDI\\include\\Processing.NDI.Recv.ex.h",
			"sourceTree": "SOURCE_ROOT"
		},
		"FEE6E12E-E106-4F8F-8FB9-9797CA4A5D88": {
			"explicitFileType": "sourcecode.c.h",
			"fileEncoding": "4",
			"isa": "PBXFileReference",
			"name": "Processing.NDI.Lib.cplusplus.h",
			"path": "..\\..\\..\\addons\\ofxNDI\\libs\\NDI\\include\\Processing.NDI.Lib.cplusplus.h",
			"sourceTree": "SOURCE_ROOT"
		}
	},
	"openFrameworksProjectGeneratorVersion": "21",
	"rootObject": "E4B69B4C0A3A1720003C02F2"
}